
Microsoft Visual Studio Solution File, Format Version 12.00
# Visual Studio Version 17
VisualStudioVersion = 17.1.32421.90
MinimumVisualStudioVersion = 10.0.40219.1
Project("{9A19103F-16F7-4668-BE54-9A1E7A4F7556}") = "MontyHall", "MontyHall\MontyHall.csproj", "{BD3770F5-144B-494E-9EAB-0441E992D8C8}"
EndProject
Project("{FAE04EC0-301F-11D3-BF4B-00C04F79EFBC}") = "MontyHall.Test", "MontyHall.Test\MontyHall.Test.csproj", "{EC1DDA08-8D32-4F56-98E8-DB4AF87666C1}"
EndProject
Global
	GlobalSection(SolutionConfigurationPlatforms) = preSolution
		Debug|Any CPU = Debug|Any CPU
		Release|Any CPU = Release|Any CPU
	EndGlobalSection
	GlobalSection(ProjectConfigurationPlatforms) = postSolution
		{BD3770F5-144B-494E-9EAB-0441E992D8C8}.Debug|Any CPU.ActiveCfg = Debug|Any CPU
		{BD3770F5-144B-494E-9EAB-0441E992D8C8}.Debug|Any CPU.Build.0 = Debug|Any CPU
		{BD3770F5-144B-494E-9EAB-0441E992D8C8}.Release|Any CPU.ActiveCfg = Release|Any CPU
		{BD3770F5-144B-494E-9EAB-0441E992D8C8}.Release|Any CPU.Build.0 = Release|Any CPU
		{EC1DDA08-8D32-4F56-98E8-DB4AF87666C1}.Debug|Any CPU.ActiveCfg = Debug|Any CPU
		{EC1DDA08-8D32-4F56-98E8-DB4AF87666C1}.Debug|Any CPU.Build.0 = Debug|Any CPU
		{EC1DDA08-8D32-4F56-98E8-DB4AF87666C1}.Release|Any CPU.ActiveCfg = Release|Any CPU
		{EC1DDA08-8D32-4F56-98E8-DB4AF87666C1}.Release|Any CPU.Build.0 = Release|Any CPU
	EndGlobalSection
	GlobalSection(SolutionProperties) = preSolution
		HideSolutionNode = FALSE
	EndGlobalSection
	GlobalSection(ExtensibilityGlobals) = postSolution
		SolutionGuid = {166F7073-057B-43DB-A144-733780B20CE4}
	EndGlobalSection
EndGlobal
